{
  "name": "block-letter-generator",
  "version": "1.0.0",
  "lockfileVersion": 1,
  "requires": true,
  "dependencies": {
    "replace-at": {
      "version": "1.0.0",
      "resolved": "https://registry.npmjs.org/replace-at/-/replace-at-1.0.0.tgz",
      "integrity": "sha512-61A/V+U+00+d55WcLC6zvbmHxuzxkRi5/W5UrkIvIVCKw4gHCWzWwjfBGH2px4XDM4cQhn2+UCKf/TxHlcR1ag=="
    }
  }
}
